{
  "name": "@apollosolutions/simple-auth-directive",
  "version": "1.0.0",
  "lockfileVersion": 2,
  "requires": true,
  "packages": {
    "": {
      "name": "@apollosolutions/simple-auth-directive",
      "version": "1.0.0",
      "license": "MIT",
      "dependencies": {
        "@graphql-tools/utils": "^9.1.1",
        "graphql": "^16.6.0"
      }
    },
    "node_modules/@graphql-tools/utils": {
      "version": "9.1.1",
      "resolved": "https://registry.npmjs.org/@graphql-tools/utils/-/utils-9.1.1.tgz",
      "integrity": "sha512-DXKLIEDbihK24fktR2hwp/BNIVwULIHaSTNTNhXS+19vgT50eX9wndx1bPxGwHnVBOONcwjXy0roQac49vdt/w==",
      "dependencies": {
        "tslib": "^2.4.0"
      },
      "peerDependencies": {
        "graphql": "^14.0.0 || ^15.0.0 || ^16.0.0 || ^17.0.0"
      }
    },
    "node_modules/graphql": {
      "version": "16.6.0",
      "resolved": "https://registry.npmjs.org/graphql/-/graphql-16.6.0.tgz",
      "integrity": "sha512-KPIBPDlW7NxrbT/eh4qPXz5FiFdL5UbaA0XUNz2Rp3Z3hqBSkbj0GVjwFDztsWVauZUWsbKHgMg++sk8UX0bkw==",
      "engines": {
        "node": "^12.22.0 || ^14.16.0 || ^16.0.0 || >=17.0.0"
      }
    },
    "node_modules/tslib": {
      "version": "2.4.1",
      "resolved": "https://registry.npmjs.org/tslib/-/tslib-2.4.1.tgz",
      "integrity": "sha512-tGyy4dAjRIEwI7BzsB0lynWgOpfqjUdq91XXAlIWD2OwKBH7oCl/GZG/HT4BOHrTlPMOASlMQ7veyTqpmRcrNA=="
    }
  },
  "dependencies": {
    "@graphql-tools/utils": {
      "version": "9.1.1",
      "resolved": "https://registry.npmjs.org/@graphql-tools/utils/-/utils-9.1.1.tgz",
      "integrity": "sha512-DXKLIEDbihK24fktR2hwp/BNIVwULIHaSTNTNhXS+19vgT50eX9wndx1bPxGwHnVBOONcwjXy0roQac49vdt/w==",
      "requires": {
        "tslib": "^2.4.0"
      }
    },
    "graphql": {
      "version": "16.6.0",
      "resolved": "https://registry.npmjs.org/graphql/-/graphql-16.6.0.tgz",
      "integrity": "sha512-KPIBPDlW7NxrbT/eh4qPXz5FiFdL5UbaA0XUNz2Rp3Z3hqBSkbj0GVjwFDztsWVauZUWsbKHgMg++sk8UX0bkw=="
    },
    "tslib": {
      "version": "2.4.1",
      "resolved": "https://registry.npmjs.org/tslib/-/tslib-2.4.1.tgz",
      "integrity": "sha512-tGyy4dAjRIEwI7BzsB0lynWgOpfqjUdq91XXAlIWD2OwKBH7oCl/GZG/HT4BOHrTlPMOASlMQ7veyTqpmRcrNA=="
    }
  }
}
